
Microsoft Visual Studio Solution File, Format Version 12.00
# Visual Studio Version 16
VisualStudioVersion = 16.0.31112.23
MinimumVisualStudioVersion = 10.0.40219.1
Project("{9A19103F-16F7-4668-BE54-9A1E7A4F7556}") = "BroadcastersAPI", "BroadcastersAPI\BroadcastersAPI.csproj", "{FB4E74D8-E01F-428D-8933-4F69B6B45DC3}"
EndProject
Project("{2150E333-8FDC-42A3-9474-1A3956D46DE8}") = "src", "src", "{1F58AA5A-ADAE-406A-B7AB-3F29911D577A}"
EndProject
Project("{2150E333-8FDC-42A3-9474-1A3956D46DE8}") = "0- API", "0- API", "{FD7EFE4A-4ABF-49B7-B93D-D93A0C89A1C9}"
EndProject
Project("{2150E333-8FDC-42A3-9474-1A3956D46DE8}") = "1 - Application", "1 - Application", "{347BDA16-CD7A-4159-A0CF-AA454F760B9C}"
EndProject
Project("{2150E333-8FDC-42A3-9474-1A3956D46DE8}") = "2 - Domain", "2 - Domain", "{27B9B8FF-767C-41A9-BE60-C1569DB3469B}"
EndProject
Project("{2150E333-8FDC-42A3-9474-1A3956D46DE8}") = "3 - Infra", "3 - Infra", "{56911858-8347-4D72-AFB7-21282E8E6C78}"
EndProject
Project("{2150E333-8FDC-42A3-9474-1A3956D46DE8}") = "4 - CrossCutting", "4 - CrossCutting", "{993140E3-BB89-41B2-A59D-B1C59DC360A3}"
EndProject
Project("{9A19103F-16F7-4668-BE54-9A1E7A4F7556}") = "BroadcastersApplication", "BroadcastersApplication\BroadcastersApplication.csproj", "{A7F4EE01-81CE-4031-BD13-A14E78C29A60}"
EndProject
Project("{9A19103F-16F7-4668-BE54-9A1E7A4F7556}") = "BroadcastersDomain", "BroadcastersDomain\BroadcastersDomain.csproj", "{ED390A18-2775-4152-A6B3-74E5314A5B65}"
EndProject
Project("{9A19103F-16F7-4668-BE54-9A1E7A4F7556}") = "BroadcastersInfra", "BroadcastersInfra\BroadcastersInfra.csproj", "{E1306779-7F46-4C30-B64F-C8F163973CDA}"
EndProject
Project("{9A19103F-16F7-4668-BE54-9A1E7A4F7556}") = "BroadcastersCrossCutting", "BroadcastersCrossCutting\BroadcastersCrossCutting.csproj", "{78B50618-40CA-435D-B590-48887B3E5399}"
EndProject
Project("{FAE04EC0-301F-11D3-BF4B-00C04F79EFBC}") = "BroadcastersTest", "BroadcastersTest\BroadcastersTest.csproj", "{A22B74EF-CE93-4C71-8043-64DACAAEA794}"
EndProject
Global
	GlobalSection(SolutionConfigurationPlatforms) = preSolution
		Debug|Any CPU = Debug|Any CPU
		Release|Any CPU = Release|Any CPU
	EndGlobalSection
	GlobalSection(ProjectConfigurationPlatforms) = postSolution
		{FB4E74D8-E01F-428D-8933-4F69B6B45DC3}.Debug|Any CPU.ActiveCfg = Debug|Any CPU
		{FB4E74D8-E01F-428D-8933-4F69B6B45DC3}.Debug|Any CPU.Build.0 = Debug|Any CPU
		{FB4E74D8-E01F-428D-8933-4F69B6B45DC3}.Release|Any CPU.ActiveCfg = Release|Any CPU
		{FB4E74D8-E01F-428D-8933-4F69B6B45DC3}.Release|Any CPU.Build.0 = Release|Any CPU
		{A7F4EE01-81CE-4031-BD13-A14E78C29A60}.Debug|Any CPU.ActiveCfg = Debug|Any CPU
		{A7F4EE01-81CE-4031-BD13-A14E78C29A60}.Debug|Any CPU.Build.0 = Debug|Any CPU
		{A7F4EE01-81CE-4031-BD13-A14E78C29A60}.Release|Any CPU.ActiveCfg = Release|Any CPU
		{A7F4EE01-81CE-4031-BD13-A14E78C29A60}.Release|Any CPU.Build.0 = Release|Any CPU
		{ED390A18-2775-4152-A6B3-74E5314A5B65}.Debug|Any CPU.ActiveCfg = Debug|Any CPU
		{ED390A18-2775-4152-A6B3-74E5314A5B65}.Debug|Any CPU.Build.0 = Debug|Any CPU
		{ED390A18-2775-4152-A6B3-74E5314A5B65}.Release|Any CPU.ActiveCfg = Release|Any CPU
		{ED390A18-2775-4152-A6B3-74E5314A5B65}.Release|Any CPU.Build.0 = Release|Any CPU
		{E1306779-7F46-4C30-B64F-C8F163973CDA}.Debug|Any CPU.ActiveCfg = Debug|Any CPU
		{E1306779-7F46-4C30-B64F-C8F163973CDA}.Debug|Any CPU.Build.0 = Debug|Any CPU
		{E1306779-7F46-4C30-B64F-C8F163973CDA}.Release|Any CPU.ActiveCfg = Release|Any CPU
		{E1306779-7F46-4C30-B64F-C8F163973CDA}.Release|Any CPU.Build.0 = Release|Any CPU
		{78B50618-40CA-435D-B590-48887B3E5399}.Debug|Any CPU.ActiveCfg = Debug|Any CPU
		{78B50618-40CA-435D-B590-48887B3E5399}.Debug|Any CPU.Build.0 = Debug|Any CPU
		{78B50618-40CA-435D-B590-48887B3E5399}.Release|Any CPU.ActiveCfg = Release|Any CPU
		{78B50618-40CA-435D-B590-48887B3E5399}.Release|Any CPU.Build.0 = Release|Any CPU
		{A22B74EF-CE93-4C71-8043-64DACAAEA794}.Debug|Any CPU.ActiveCfg = Debug|Any CPU
		{A22B74EF-CE93-4C71-8043-64DACAAEA794}.Debug|Any CPU.Build.0 = Debug|Any CPU
		{A22B74EF-CE93-4C71-8043-64DACAAEA794}.Release|Any CPU.ActiveCfg = Release|Any CPU
		{A22B74EF-CE93-4C71-8043-64DACAAEA794}.Release|Any CPU.Build.0 = Release|Any CPU
	EndGlobalSection
	GlobalSection(SolutionProperties) = preSolution
		HideSolutionNode = FALSE
	EndGlobalSection
	GlobalSection(NestedProjects) = preSolution
		{FB4E74D8-E01F-428D-8933-4F69B6B45DC3} = {FD7EFE4A-4ABF-49B7-B93D-D93A0C89A1C9}
		{FD7EFE4A-4ABF-49B7-B93D-D93A0C89A1C9} = {1F58AA5A-ADAE-406A-B7AB-3F29911D577A}
		{347BDA16-CD7A-4159-A0CF-AA454F760B9C} = {1F58AA5A-ADAE-406A-B7AB-3F29911D577A}
		{27B9B8FF-767C-41A9-BE60-C1569DB3469B} = {1F58AA5A-ADAE-406A-B7AB-3F29911D577A}
		{56911858-8347-4D72-AFB7-21282E8E6C78} = {1F58AA5A-ADAE-406A-B7AB-3F29911D577A}
		{993140E3-BB89-41B2-A59D-B1C59DC360A3} = {1F58AA5A-ADAE-406A-B7AB-3F29911D577A}
		{A7F4EE01-81CE-4031-BD13-A14E78C29A60} = {347BDA16-CD7A-4159-A0CF-AA454F760B9C}
		{ED390A18-2775-4152-A6B3-74E5314A5B65} = {27B9B8FF-767C-41A9-BE60-C1569DB3469B}
		{E1306779-7F46-4C30-B64F-C8F163973CDA} = {56911858-8347-4D72-AFB7-21282E8E6C78}
		{78B50618-40CA-435D-B590-48887B3E5399} = {993140E3-BB89-41B2-A59D-B1C59DC360A3}
	EndGlobalSection
	GlobalSection(ExtensibilityGlobals) = postSolution
		SolutionGuid = {906A10D1-7769-4916-B416-B390026D25AB}
	EndGlobalSection
EndGlobal
